
Microsoft Visual Studio Solution File, Format Version 12.00
# Visual Studio Version 17
VisualStudioVersion = 17.9.34714.143
MinimumVisualStudioVersion = 10.0.40219.1
Project("{FAE04EC0-301F-11D3-BF4B-00C04F79EFBC}") = "16121_ExpenseManager", "16121_ExpenseManager.csproj", "{7E21BF5D-1BCF-4405-A926-AB6D9CA41D8B}"
EndProject
Global
	GlobalSection(SolutionConfigurationPlatforms) = preSolution
		Debug|Any CPU = Debug|Any CPU
		Release|Any CPU = Release|Any CPU
	EndGlobalSection
	GlobalSection(ProjectConfigurationPlatforms) = postSolution
		{7E21BF5D-1BCF-4405-A926-AB6D9CA41D8B}.Debug|Any CPU.ActiveCfg = Debug|Any CPU
		{7E21BF5D-1BCF-4405-A926-AB6D9CA41D8B}.Debug|Any CPU.Build.0 = Debug|Any CPU
		{7E21BF5D-1BCF-4405-A926-AB6D9CA41D8B}.Release|Any CPU.ActiveCfg = Release|Any CPU
		{7E21BF5D-1BCF-4405-A926-AB6D9CA41D8B}.Release|Any CPU.Build.0 = Release|Any CPU
	EndGlobalSection
	GlobalSection(SolutionProperties) = preSolution
		HideSolutionNode = FALSE
	EndGlobalSection
	GlobalSection(ExtensibilityGlobals) = postSolution
		SolutionGuid = {873DD1D4-89BC-444A-8EFE-06A1B771CE5A}
	EndGlobalSection
EndGlobal
